{
  "version": 4,
  "terraform_version": "1.14.5",
  "serial": 9,
  "lineage": "f2554f8f-1a54-3a66-3e0a-875b583cf861",
  "outputs": {
    "s3_bucket_name": {
      "value": "static-website-1999",
      "type": "string"
    }
  },
  "resources": [
    {
      "mode": "managed",
      "type": "aws_cloudfront_origin_access_control",
      "name": "website",
      "provider": "provider[\"registry.terraform.io/hashicorp/aws\"]",
      "instances": [
        {
          "schema_version": 0,
          "attributes": {
            "arn": "arn:aws:cloudfront::053732977191:origin-access-control/E3T3ILZ9I4BRHS",
            "description": "Managed by Terraform",
            "etag": "E1F83G8C2ARO7P",
            "id": "E3T3ILZ9I4BRHS",
            "name": "static-website-1999-oac",
            "origin_access_control_origin_type": "s3",
            "signing_behavior": "always",
            "signing_protocol": "sigv4"
          },
          "sensitive_attributes": [],
          "identity_schema_version": 0,
          "private": "bnVsbA=="
        }
      ]
    }
  ],
  "check_results": null
}
